# vendir.lock.yml — which commit of `cafaye/core` this repository vendored.
#
# WHAT THIS FILE IS FOR. pantry copies two things out of `core`:
#
#   schemas/cafaye.manifest.schema.json   the only thing `/readyz` validates
#                                         every registry entry against
#   (and, read at test time) examples/valid/*.yml, core's own worked examples
#
# A copy with no recorded origin is a copy nobody can check. It cannot be said to
# be current, and it cannot be said to be stale either — there is no "to" to be
# stale against. Before this file existed, `tests/schema.rs` asserted the vendored
# copy was byte-identical to `core/schemas/…` **in the working tree**, which meant
# a commit in core's repository decided whether *this* repository's gate passed.
# `core-09` added two valid gate declarations to `core/examples/valid/` and
# pantry's gate went red in a repository nobody had touched. That is MD15.
#
# So the rule is now: **resolve core at the ref below, never at the working
# tree.**
#
# ---------------------------------------------------------------------------
# WHAT NO LONGER CHECKS THIS FILE, AND IT IS A COVERAGE GAP
# ---------------------------------------------------------------------------
#
# Two Rust tests used to hold this pin to account and both were deleted with
# `src/`:
#
#   the_vendored_schema_is_core_s_schema_at_the_ref_this_repository_records
#       — asserted `schemas/cafaye.manifest.schema.json` was byte-identical to
#         core's copy at the sha below. THE ONLY CHECK OF THE ACTUAL BYTES.
#   this_repository_says_how_far_behind_core_it_is
#       — reported the distance between the sha below and core's master, by
#         name, with the fix. A report, not a floor: it deliberately did not fail.
#
# The first is the one that matters. **`schemas/` is now asserted by nothing.**
# The file below records what core looked like when the bytes were copied; it does
# not make them true, and a re-vendor that forgets to bump the sha is now silent.
# The gap is real, it is a consequence of deleting a suite rather than of
# anything breaking, and closing it means writing the same check in Go against
# the same two inputs. It has a name and a home: DECISIONS.md D33 and
# REPORT-registry-norust-03.md.
#
# UNTIL IT IS WRITTEN, the pin below is a RECORD rather than a CLAIM. Re-vendoring
# by hand and forgetting the sha does not turn this gate red, and nothing in
# CI will notice.
#
# ---------------------------------------------------------------------------
#
# WHY A `vendir.lock.yml` AND NOT A `CORE_REF`. Both spellings are real in this
# fleet. A lockfile is what `vendir` and Renovate maintain, and a `CORE_REF` in a
# workflow env block is the hand-bumped form three repositories still use. This
# repository vendors a directory and hand-runs `cp`, so the lockfile is the honest
# name for the record even though no `vendir` process maintains it yet. Nothing
# in this repository reads the spelling, only the commit.
#
# WHEN YOU RE-VENDOR, bump this sha in the same commit as the `cp`:
#
#   cp ../core/schemas/cafaye.manifest.schema.json schemas/
#   git -C ../core rev-parse HEAD          # into apiVersion/… below
#
# A stale pin is LEGAL and was always meant to be: it is a copy that has not been
# bumped yet. What used to fail is a copy that does not match the ref it claims —
# a defect in this repository — and that check is the one named above as deleted.
#
# The sha below is core's `5ec0cec`, and `schemas/cafaye.manifest.schema.json` WAS
# byte-identical to core's copy at that commit, as of the run that recorded it.
#
# RE-VENDORED by pantry-23, from `9d6bb87` to `5ec0cec` — 11 commits, and NOT
# housekeeping. The distance test failed on a 9-commit budget, which is the
# mechanism working, but the distance was the symptom and the defect is that
# the copy was WRONG rather than old. core-24 (ec28365) added two keys to the
# manifest schema, `kind` (`service` | `template`) and `environments`, and this
# file's schema closes with `additionalProperties: false`. So a manifest
# declaring either key was a hard REJECT here, not a silently dropped field, and
# `/readyz` validates every entry against this copy at startup — which means
# such a manifest took the whole registry down rather than one entry.
#
# Measured rather than assumed, because "a stale copy is a maintenance chore"
# would have been the wrong reading and the cheap one. A probe manifest
# declaring `kind: template` and nothing else exotic:
#
#   core's own harness, at core HEAD   exit 0, "conforms to core"
#   pantry's vendored copy             rejects it
#
# The second line is why this was not left as an 11-commit note. What made it
# urgent is who the new vocabulary is FOR: core-24 shipped
# `examples/valid/parlor.template.cafaye.yml` — a worked template manifest named
# for the very repository `parlor` that registry/index.yml holds back. The
# schema had a word for it, and this copy did not.
#
# One consequence outside the schema, named here because the `cp` does not fix it:
# a manifest declaring no contract surface was refused at load by the Rust
# service's kind check (`api` or `cli` and nothing else). That check went with
# `src/`, and the Go service has no equivalent — a registered service with no
# `exposes.api` is loaded rather than refused. That is recorded on `parlor`'s
# row in registry/index.yml, which is where a reader asking "can this be
# registered" will look.
apiVersion: vendir.k14s.io/v1alpha1
kind: Config
directories:
  - path: schemas
    contents:
      - path: .
        git:
          url: git@github.com:cafaye/core.git
          # core's master at the moment these bytes were taken.
          ref: master
          sha: 5ec0cec89db4fce578423a56bcfcc057dd3e8bab